PODS:
  - BRFullTextSearch (1.1.0):
    - BRFullTextSearch/Core (= 1.1.0)
  - BRFullTextSearch/API (1.1.0)
  - BRFullTextSearch/CLucene (1.1.0):
    - BRFullTextSearch/CLucene-Contribs-Lib
    - BRFullTextSearch/CLucene-Core
    - BRFullTextSearch/CLucene-Shared
  - BRFullTextSearch/CLucene-Config (1.1.0)
  - BRFullTextSearch/CLucene-Contribs-Lib (1.1.0):
    - BRFullTextSearch/CLucene-Core
    - BRFullTextSearch/CLucene-Shared
  - BRFullTextSearch/CLucene-Core (1.1.0):
    - BRFullTextSearch/CLucene-Core-API
    - BRFullTextSearch/CLucene-Shared
  - BRFullTextSearch/CLucene-Core-API (1.1.0):
    - BRFullTextSearch/CLucene-Config
  - BRFullTextSearch/CLucene-Shared (1.1.0):
    - BRFullTextSearch/CLucene-Core-API
  - BRFullTextSearch/Core (1.1.0):
    - BRFullTextSearch/API
    - BRFullTextSearch/Implementation-CLucene
  - BRFullTextSearch/Implementation-CLucene (1.1.0):
    - BRFullTextSearch/API
    - BRFullTextSearch/CLucene

DEPENDENCIES:
  - BRFullTextSearch (from `https://github.com/Blue-Rocket/BRFullTextSearch.git`,
    branch `feature/searcher-threading`)

EXTERNAL SOURCES:
  BRFullTextSearch:
    :branch: feature/searcher-threading
    :git: https://github.com/Blue-Rocket/BRFullTextSearch.git
    :submodules: true

CHECKOUT OPTIONS:
  BRFullTextSearch:
    :commit: bd9733ca4f3e655922189bfe107d6e4ad95fdf15
    :git: https://github.com/Blue-Rocket/BRFullTextSearch.git

SPEC CHECKSUMS:
  BRFullTextSearch: d865ee81c77daece2fa1dd25bad951de5290b848

COCOAPODS: 0.39.0
